
Microsoft Visual Studio Solution File, Format Version 12.00
# Visual Studio Version 16
VisualStudioVersion = 16.0.29728.190
MinimumVisualStudioVersion = 10.0.40219.1
Project("{9A19103F-16F7-4668-BE54-9A1E7A4F7556}") = "CentralDeErrosApi", "CentralDeErrosApi\CentralDeErrosApi.csproj", "{532E0F94-93C3-469D-B419-D9E1722DC32C}"
EndProject
Project("{2150E333-8FDC-42A3-9474-1A3956D46DE8}") = "Application", "Application", "{0D2CCFF3-FCAB-403D-9BAB-E0F3D00A497E}"
EndProject
Global
	GlobalSection(SolutionConfigurationPlatforms) = preSolution
		Debug|Any CPU = Debug|Any CPU
		Release|Any CPU = Release|Any CPU
	EndGlobalSection
	GlobalSection(ProjectConfigurationPlatforms) = postSolution
		{532E0F94-93C3-469D-B419-D9E1722DC32C}.Debug|Any CPU.ActiveCfg = Debug|Any CPU
		{532E0F94-93C3-469D-B419-D9E1722DC32C}.Debug|Any CPU.Build.0 = Debug|Any CPU
		{532E0F94-93C3-469D-B419-D9E1722DC32C}.Release|Any CPU.ActiveCfg = Release|Any CPU
		{532E0F94-93C3-469D-B419-D9E1722DC32C}.Release|Any CPU.Build.0 = Release|Any CPU
	EndGlobalSection
	GlobalSection(SolutionProperties) = preSolution
		HideSolutionNode = FALSE
	EndGlobalSection
	GlobalSection(NestedProjects) = preSolution
		{532E0F94-93C3-469D-B419-D9E1722DC32C} = {0D2CCFF3-FCAB-403D-9BAB-E0F3D00A497E}
	EndGlobalSection
	GlobalSection(ExtensibilityGlobals) = postSolution
		SolutionGuid = {6A53EB08-F727-40BF-9BB0-D3B4AAB6A9B8}
	EndGlobalSection
EndGlobal
